
Microsoft Visual Studio Solution File, Format Version 12.00
# Visual Studio Version 17
VisualStudioVersion = 17.13.35806.99 d17.13
MinimumVisualStudioVersion = 10.0.40219.1
Project("{FAE04EC0-301F-11D3-BF4B-00C04F79EFBC}") = "SimpleSEOMonitor.API", "SimpleSEOMonitor.API\SimpleSEOMonitor.API.csproj", "{7B468990-6159-4188-B69A-CA043E3BD1C5}"
EndProject
Project("{FAE04EC0-301F-11D3-BF4B-00C04F79EFBC}") = "SimpleSEOMonitor.Application", "SimpleSEOMonitor.Application\SimpleSEOMonitor.Application.csproj", "{F815B7E4-7560-4937-AB8E-07E810CE6F62}"
EndProject
Project("{FAE04EC0-301F-11D3-BF4B-00C04F79EFBC}") = "SimpleSEOMonitor.Test", "SimpleSEOMonitor.Test\SimpleSEOMonitor.Test.csproj", "{111974D9-2E92-4DF2-8121-5C18D120DEEE}"
EndProject
Global
	GlobalSection(SolutionConfigurationPlatforms) = preSolution
		Debug|Any CPU = Debug|Any CPU
		Release|Any CPU = Release|Any CPU
	EndGlobalSection
	GlobalSection(ProjectConfigurationPlatforms) = postSolution
		{7B468990-6159-4188-B69A-CA043E3BD1C5}.Debug|Any CPU.ActiveCfg = Debug|Any CPU
		{7B468990-6159-4188-B69A-CA043E3BD1C5}.Debug|Any CPU.Build.0 = Debug|Any CPU
		{7B468990-6159-4188-B69A-CA043E3BD1C5}.Release|Any CPU.ActiveCfg = Release|Any CPU
		{7B468990-6159-4188-B69A-CA043E3BD1C5}.Release|Any CPU.Build.0 = Release|Any CPU
		{F815B7E4-7560-4937-AB8E-07E810CE6F62}.Debug|Any CPU.ActiveCfg = Debug|Any CPU
		{F815B7E4-7560-4937-AB8E-07E810CE6F62}.Debug|Any CPU.Build.0 = Debug|Any CPU
		{F815B7E4-7560-4937-AB8E-07E810CE6F62}.Release|Any CPU.ActiveCfg = Release|Any CPU
		{F815B7E4-7560-4937-AB8E-07E810CE6F62}.Release|Any CPU.Build.0 = Release|Any CPU
		{111974D9-2E92-4DF2-8121-5C18D120DEEE}.Debug|Any CPU.ActiveCfg = Debug|Any CPU
		{111974D9-2E92-4DF2-8121-5C18D120DEEE}.Debug|Any CPU.Build.0 = Debug|Any CPU
		{111974D9-2E92-4DF2-8121-5C18D120DEEE}.Release|Any CPU.ActiveCfg = Release|Any CPU
		{111974D9-2E92-4DF2-8121-5C18D120DEEE}.Release|Any CPU.Build.0 = Release|Any CPU
	EndGlobalSection
	GlobalSection(SolutionProperties) = preSolution
		HideSolutionNode = FALSE
	EndGlobalSection
	GlobalSection(ExtensibilityGlobals) = postSolution
		SolutionGuid = {007F5429-A425-494B-8E57-B9CF12F0E279}
	EndGlobalSection
EndGlobal
